
Microsoft Visual Studio Solution File, Format Version 12.00
# Visual Studio Version 16
VisualStudioVersion = 16.0.30128.74
MinimumVisualStudioVersion = 10.0.40219.1
Project("{FAE04EC0-301F-11D3-BF4B-00C04F79EFBC}") = "CSE412Project", "CSE412Project\CSE412Project.csproj", "{D75397F3-57C0-42A6-9091-3F29E81E29FD}"
EndProject
Global
	GlobalSection(SolutionConfigurationPlatforms) = preSolution
		Debug|Any CPU = Debug|Any CPU
		Release|Any CPU = Release|Any CPU
	EndGlobalSection
	GlobalSection(ProjectConfigurationPlatforms) = postSolution
		{D75397F3-57C0-42A6-9091-3F29E81E29FD}.Debug|Any CPU.ActiveCfg = Debug|Any CPU
		{D75397F3-57C0-42A6-9091-3F29E81E29FD}.Debug|Any CPU.Build.0 = Debug|Any CPU
		{D75397F3-57C0-42A6-9091-3F29E81E29FD}.Release|Any CPU.ActiveCfg = Release|Any CPU
		{D75397F3-57C0-42A6-9091-3F29E81E29FD}.Release|Any CPU.Build.0 = Release|Any CPU
	EndGlobalSection
	GlobalSection(SolutionProperties) = preSolution
		HideSolutionNode = FALSE
	EndGlobalSection
	GlobalSection(ExtensibilityGlobals) = postSolution
		SolutionGuid = {F2DFDFCE-3A37-4491-AC56-11C7D81379D9}
	EndGlobalSection
EndGlobal
